Microsoft Visual Studio Solution File, Format Version 12.00
# Visual Studio Version 17
VisualStudioVersion = 17.5.2.0
MinimumVisualStudioVersion = 10.0.40219.1
Project("{FAE04EC0-301F-11D3-BF4B-00C04F79EFBC}") = "GameService", "GameService.csproj", "{71F8F867-FB43-F809-34E3-DE2001429191}"
EndProject
Global
	GlobalSection(SolutionConfigurationPlatforms) = preSolution
		Debug|Any CPU = Debug|Any CPU
		Release|Any CPU = Release|Any CPU
	EndGlobalSection
	GlobalSection(ProjectConfigurationPlatforms) = postSolution
		{71F8F867-FB43-F809-34E3-DE2001429191}.Debug|Any CPU.ActiveCfg = Debug|Any CPU
		{71F8F867-FB43-F809-34E3-DE2001429191}.Debug|Any CPU.Build.0 = Debug|Any CPU
		{71F8F867-FB43-F809-34E3-DE2001429191}.Release|Any CPU.ActiveCfg = Release|Any CPU
		{71F8F867-FB43-F809-34E3-DE2001429191}.Release|Any CPU.Build.0 = Release|Any CPU
	EndGlobalSection
	GlobalSection(SolutionProperties) = preSolution
		HideSolutionNode = FALSE
	EndGlobalSection
	GlobalSection(ExtensibilityGlobals) = postSolution
		SolutionGuid = {39060F89-318E-4C99-BDD0-B37E97D1BCFB}
	EndGlobalSection
EndGlobal
